
Microsoft Visual Studio Solution File, Format Version 12.00
# Visual Studio Version 17
VisualStudioVersion = 17.14.36202.13
MinimumVisualStudioVersion = 10.0.40219.1
Project("{FAE04EC0-301F-11D3-BF4B-00C04F79EFBC}") = "TextResponder", "TextResponder.csproj", "{FAE3E263-8060-4E86-82F8-F6A35B7115B5}"
EndProject
Project("{FAE04EC0-301F-11D3-BF4B-00C04F79EFBC}") = "TextResponder.Tests", "..\TextResponder.Tests\TextResponder.Tests.csproj", "{7B7EE200-5801-40F8-A12D-F4563264A1ED}"
EndProject
Global
	GlobalSection(SolutionConfigurationPlatforms) = preSolution
		Debug|Any CPU = Debug|Any CPU
		Release|Any CPU = Release|Any CPU
	EndGlobalSection
	GlobalSection(ProjectConfigurationPlatforms) = postSolution
		{FAE3E263-8060-4E86-82F8-F6A35B7115B5}.Debug|Any CPU.ActiveCfg = Debug|Any CPU
		{FAE3E263-8060-4E86-82F8-F6A35B7115B5}.Debug|Any CPU.Build.0 = Debug|Any CPU
		{FAE3E263-8060-4E86-82F8-F6A35B7115B5}.Release|Any CPU.ActiveCfg = Release|Any CPU
		{FAE3E263-8060-4E86-82F8-F6A35B7115B5}.Release|Any CPU.Build.0 = Release|Any CPU
		{7B7EE200-5801-40F8-A12D-F4563264A1ED}.Debug|Any CPU.ActiveCfg = Debug|Any CPU
		{7B7EE200-5801-40F8-A12D-F4563264A1ED}.Debug|Any CPU.Build.0 = Debug|Any CPU
		{7B7EE200-5801-40F8-A12D-F4563264A1ED}.Release|Any CPU.ActiveCfg = Release|Any CPU
		{7B7EE200-5801-40F8-A12D-F4563264A1ED}.Release|Any CPU.Build.0 = Release|Any CPU
	EndGlobalSection
	GlobalSection(SolutionProperties) = preSolution
		HideSolutionNode = FALSE
	EndGlobalSection
	GlobalSection(ExtensibilityGlobals) = postSolution
		SolutionGuid = {45B52FF9-9741-4C76-B9E7-7C2D458E6465}
	EndGlobalSection
EndGlobal
